
Microsoft Visual Studio Solution File, Format Version 12.00
# Visual Studio Version 16
VisualStudioVersion = 16.0.30717.126
MinimumVisualStudioVersion = 10.0.40219.1
Project("{FAE04EC0-301F-11D3-BF4B-00C04F79EFBC}") = "WritableRESTAPI", "WritableRESTAPI\WritableRESTAPI.csproj", "{53DEBEAB-E7E3-4444-B246-692D4CF409DA}"
EndProject
Global
	GlobalSection(SolutionConfigurationPlatforms) = preSolution
		Debug|Any CPU = Debug|Any CPU
		Release|Any CPU = Release|Any CPU
	EndGlobalSection
	GlobalSection(ProjectConfigurationPlatforms) = postSolution
		{53DEBEAB-E7E3-4444-B246-692D4CF409DA}.Debug|Any CPU.ActiveCfg = Debug|Any CPU
		{53DEBEAB-E7E3-4444-B246-692D4CF409DA}.Debug|Any CPU.Build.0 = Debug|Any CPU
		{53DEBEAB-E7E3-4444-B246-692D4CF409DA}.Release|Any CPU.ActiveCfg = Release|Any CPU
		{53DEBEAB-E7E3-4444-B246-692D4CF409DA}.Release|Any CPU.Build.0 = Release|Any CPU
	EndGlobalSection
	GlobalSection(SolutionProperties) = preSolution
		HideSolutionNode = FALSE
	EndGlobalSection
	GlobalSection(ExtensibilityGlobals) = postSolution
		SolutionGuid = {D160A39A-05E2-435D-AFDF-F20146B24587}
	EndGlobalSection
EndGlobal
